
Microsoft Visual Studio Solution File, Format Version 12.00
# Visual Studio 15
VisualStudioVersion = 15.0.28307.1267
MinimumVisualStudioVersion = 10.0.40219.1
Project("{FAE04EC0-301F-11D3-BF4B-00C04F79EFBC}") = "Queue", "Queue\Queue.csproj", "{DFF4251B-7240-4E0A-9053-B1E27400D73E}"
EndProject
Global
	GlobalSection(SolutionConfigurationPlatforms) = preSolution
		Debug|Any CPU = Debug|Any CPU
		Release|Any CPU = Release|Any CPU
	EndGlobalSection
	GlobalSection(ProjectConfigurationPlatforms) = postSolution
		{DFF4251B-7240-4E0A-9053-B1E27400D73E}.Debug|Any CPU.ActiveCfg = Debug|Any CPU
		{DFF4251B-7240-4E0A-9053-B1E27400D73E}.Debug|Any CPU.Build.0 = Debug|Any CPU
		{DFF4251B-7240-4E0A-9053-B1E27400D73E}.Release|Any CPU.ActiveCfg = Release|Any CPU
		{DFF4251B-7240-4E0A-9053-B1E27400D73E}.Release|Any CPU.Build.0 = Release|Any CPU
	EndGlobalSection
	GlobalSection(SolutionProperties) = preSolution
		HideSolutionNode = FALSE
	EndGlobalSection
	GlobalSection(ExtensibilityGlobals) = postSolution
		SolutionGuid = {FFF90666-50F2-41C4-B85B-B27671CACB8A}
	EndGlobalSection
EndGlobal
